
Microsoft Visual Studio Solution File, Format Version 12.00
# Visual Studio Version 17
VisualStudioVersion = 17.9.34622.214
MinimumVisualStudioVersion = 10.0.40219.1
Project("{FAE04EC0-301F-11D3-BF4B-00C04F79EFBC}") = "ClassTask", "ClassTask\ClassTask.csproj", "{DBD5EB7C-9CE8-467F-B3ED-5CB5D7FD00A2}"
EndProject
Project("{FAE04EC0-301F-11D3-BF4B-00C04F79EFBC}") = "Core", "Core\Core.csproj", "{C4F7638F-9541-49AA-B629-4DE4E4C734F9}"
EndProject
Global
	GlobalSection(SolutionConfigurationPlatforms) = preSolution
		Debug|Any CPU = Debug|Any CPU
		Release|Any CPU = Release|Any CPU
	EndGlobalSection
	GlobalSection(ProjectConfigurationPlatforms) = postSolution
		{DBD5EB7C-9CE8-467F-B3ED-5CB5D7FD00A2}.Debug|Any CPU.ActiveCfg = Debug|Any CPU
		{DBD5EB7C-9CE8-467F-B3ED-5CB5D7FD00A2}.Debug|Any CPU.Build.0 = Debug|Any CPU
		{DBD5EB7C-9CE8-467F-B3ED-5CB5D7FD00A2}.Release|Any CPU.ActiveCfg = Release|Any CPU
		{DBD5EB7C-9CE8-467F-B3ED-5CB5D7FD00A2}.Release|Any CPU.Build.0 = Release|Any CPU
		{C4F7638F-9541-49AA-B629-4DE4E4C734F9}.Debug|Any CPU.ActiveCfg = Debug|Any CPU
		{C4F7638F-9541-49AA-B629-4DE4E4C734F9}.Debug|Any CPU.Build.0 = Debug|Any CPU
		{C4F7638F-9541-49AA-B629-4DE4E4C734F9}.Release|Any CPU.ActiveCfg = Release|Any CPU
		{C4F7638F-9541-49AA-B629-4DE4E4C734F9}.Release|Any CPU.Build.0 = Release|Any CPU
	EndGlobalSection
	GlobalSection(SolutionProperties) = preSolution
		HideSolutionNode = FALSE
	EndGlobalSection
	GlobalSection(ExtensibilityGlobals) = postSolution
		SolutionGuid = {9827E86E-A5B1-4AA5-896E-A1E50733D07F}
	EndGlobalSection
EndGlobal
